
Microsoft Visual Studio Solution File, Format Version 12.00
# Visual Studio 14
VisualStudioVersion = 14.0.25123.0
MinimumVisualStudioVersion = 10.0.40219.1
Project("{FAE04EC0-301F-11D3-BF4B-00C04F79EFBC}") = "Lego.PowerFunctions", "Lego.PowerFunctions\Lego.PowerFunctions.csproj", "{C45A3C28-60A1-4AFF-A873-ABBF771FC704}"
EndProject
Project("{2150E333-8FDC-42A3-9474-1A3956D46DE8}") = "Solution Items", "Solution Items", "{31CF8D7E-0A21-4877-8E43-93AAA2BB358F}"
	ProjectSection(SolutionItems) = preProject
		LICENSE = LICENSE
		README.md = README.md
	EndProjectSection
EndProject
Project("{FAE04EC0-301F-11D3-BF4B-00C04F79EFBC}") = "Lego.PowerFunctions.WebApi", "Lego.PowerFunctions.WebApi\Lego.PowerFunctions.WebApi.csproj", "{BFD80757-CF88-424F-A122-075BC09D78D8}"
EndProject
Project("{FAE04EC0-301F-11D3-BF4B-00C04F79EFBC}") = "Lego.PowerFunctions.WebApi.Test", "Lego.PowerFunctions.WebApi.Test\Lego.PowerFunctions.WebApi.Test.csproj", "{6A9FA083-7482-49F1-81E7-DEC39450CD6D}"
EndProject
Global
	GlobalSection(SolutionConfigurationPlatforms) = preSolution
		Debug|Any CPU = Debug|Any CPU
		Debug|ARM = Debug|ARM
		Debug|x64 = Debug|x64
		Debug|x86 = Debug|x86
		Release|Any CPU = Release|Any CPU
		Release|ARM = Release|ARM
		Release|x64 = Release|x64
		Release|x86 = Release|x86
	EndGlobalSection
	GlobalSection(ProjectConfigurationPlatforms) = postSolution
		{C45A3C28-60A1-4AFF-A873-ABBF771FC704}.Debug|Any CPU.ActiveCfg = Debug|Any CPU
		{C45A3C28-60A1-4AFF-A873-ABBF771FC704}.Debug|Any CPU.Build.0 = Debug|Any CPU
		{C45A3C28-60A1-4AFF-A873-ABBF771FC704}.Debug|ARM.ActiveCfg = Debug|ARM
		{C45A3C28-60A1-4AFF-A873-ABBF771FC704}.Debug|ARM.Build.0 = Debug|ARM
		{C45A3C28-60A1-4AFF-A873-ABBF771FC704}.Debug|x64.ActiveCfg = Debug|x64
		{C45A3C28-60A1-4AFF-A873-ABBF771FC704}.Debug|x64.Build.0 = Debug|x64
		{C45A3C28-60A1-4AFF-A873-ABBF771FC704}.Debug|x86.ActiveCfg = Debug|x86
		{C45A3C28-60A1-4AFF-A873-ABBF771FC704}.Debug|x86.Build.0 = Debug|x86
		{C45A3C28-60A1-4AFF-A873-ABBF771FC704}.Release|Any CPU.ActiveCfg = Release|Any CPU
		{C45A3C28-60A1-4AFF-A873-ABBF771FC704}.Release|Any CPU.Build.0 = Release|Any CPU
		{C45A3C28-60A1-4AFF-A873-ABBF771FC704}.Release|ARM.ActiveCfg = Release|ARM
		{C45A3C28-60A1-4AFF-A873-ABBF771FC704}.Release|ARM.Build.0 = Release|ARM
		{C45A3C28-60A1-4AFF-A873-ABBF771FC704}.Release|x64.ActiveCfg = Release|x64
		{C45A3C28-60A1-4AFF-A873-ABBF771FC704}.Release|x64.Build.0 = Release|x64
		{C45A3C28-60A1-4AFF-A873-ABBF771FC704}.Release|x86.ActiveCfg = Release|x86
		{C45A3C28-60A1-4AFF-A873-ABBF771FC704}.Release|x86.Build.0 = Release|x86
		{BFD80757-CF88-424F-A122-075BC09D78D8}.Debug|Any CPU.ActiveCfg = Debug|x86
		{BFD80757-CF88-424F-A122-075BC09D78D8}.Debug|ARM.ActiveCfg = Debug|ARM
		{BFD80757-CF88-424F-A122-075BC09D78D8}.Debug|ARM.Build.0 = Debug|ARM
		{BFD80757-CF88-424F-A122-075BC09D78D8}.Debug|ARM.Deploy.0 = Debug|ARM
		{BFD80757-CF88-424F-A122-075BC09D78D8}.Debug|x64.ActiveCfg = Debug|x64
		{BFD80757-CF88-424F-A122-075BC09D78D8}.Debug|x64.Build.0 = Debug|x64
		{BFD80757-CF88-424F-A122-075BC09D78D8}.Debug|x64.Deploy.0 = Debug|x64
		{BFD80757-CF88-424F-A122-075BC09D78D8}.Debug|x86.ActiveCfg = Debug|x86
		{BFD80757-CF88-424F-A122-075BC09D78D8}.Debug|x86.Build.0 = Debug|x86
		{BFD80757-CF88-424F-A122-075BC09D78D8}.Debug|x86.Deploy.0 = Debug|x86
		{BFD80757-CF88-424F-A122-075BC09D78D8}.Release|Any CPU.ActiveCfg = Release|x86
		{BFD80757-CF88-424F-A122-075BC09D78D8}.Release|ARM.ActiveCfg = Release|ARM
		{BFD80757-CF88-424F-A122-075BC09D78D8}.Release|ARM.Build.0 = Release|ARM
		{BFD80757-CF88-424F-A122-075BC09D78D8}.Release|ARM.Deploy.0 = Release|ARM
		{BFD80757-CF88-424F-A122-075BC09D78D8}.Release|x64.ActiveCfg = Release|x64
		{BFD80757-CF88-424F-A122-075BC09D78D8}.Release|x64.Build.0 = Release|x64
		{BFD80757-CF88-424F-A122-075BC09D78D8}.Release|x64.Deploy.0 = Release|x64
		{BFD80757-CF88-424F-A122-075BC09D78D8}.Release|x86.ActiveCfg = Release|x86
		{BFD80757-CF88-424F-A122-075BC09D78D8}.Release|x86.Build.0 = Release|x86
		{BFD80757-CF88-424F-A122-075BC09D78D8}.Release|x86.Deploy.0 = Release|x86
		{6A9FA083-7482-49F1-81E7-DEC39450CD6D}.Debug|Any CPU.ActiveCfg = Debug|x86
		{6A9FA083-7482-49F1-81E7-DEC39450CD6D}.Debug|ARM.ActiveCfg = Debug|ARM
		{6A9FA083-7482-49F1-81E7-DEC39450CD6D}.Debug|ARM.Build.0 = Debug|ARM
		{6A9FA083-7482-49F1-81E7-DEC39450CD6D}.Debug|ARM.Deploy.0 = Debug|ARM
		{6A9FA083-7482-49F1-81E7-DEC39450CD6D}.Debug|x64.ActiveCfg = Debug|x64
		{6A9FA083-7482-49F1-81E7-DEC39450CD6D}.Debug|x64.Build.0 = Debug|x64
		{6A9FA083-7482-49F1-81E7-DEC39450CD6D}.Debug|x64.Deploy.0 = Debug|x64
		{6A9FA083-7482-49F1-81E7-DEC39450CD6D}.Debug|x86.ActiveCfg = Debug|x86
		{6A9FA083-7482-49F1-81E7-DEC39450CD6D}.Debug|x86.Build.0 = Debug|x86
		{6A9FA083-7482-49F1-81E7-DEC39450CD6D}.Debug|x86.Deploy.0 = Debug|x86
		{6A9FA083-7482-49F1-81E7-DEC39450CD6D}.Release|Any CPU.ActiveCfg = Release|x86
		{6A9FA083-7482-49F1-81E7-DEC39450CD6D}.Release|ARM.ActiveCfg = Release|ARM
		{6A9FA083-7482-49F1-81E7-DEC39450CD6D}.Release|ARM.Build.0 = Release|ARM
		{6A9FA083-7482-49F1-81E7-DEC39450CD6D}.Release|ARM.Deploy.0 = Release|ARM
		{6A9FA083-7482-49F1-81E7-DEC39450CD6D}.Release|x64.ActiveCfg = Release|x64
		{6A9FA083-7482-49F1-81E7-DEC39450CD6D}.Release|x64.Build.0 = Release|x64
		{6A9FA083-7482-49F1-81E7-DEC39450CD6D}.Release|x64.Deploy.0 = Release|x64
		{6A9FA083-7482-49F1-81E7-DEC39450CD6D}.Release|x86.ActiveCfg = Release|x86
		{6A9FA083-7482-49F1-81E7-DEC39450CD6D}.Release|x86.Build.0 = Release|x86
		{6A9FA083-7482-49F1-81E7-DEC39450CD6D}.Release|x86.Deploy.0 = Release|x86
	EndGlobalSection
	GlobalSection(SolutionProperties) = preSolution
		HideSolutionNode = FALSE
	EndGlobalSection
EndGlobal
